# This file is automatically @generated by Cargo.
# It is not intended for manual editing.
version = 3

[[package]]
name = "addr2line"
version = "0.17.0"
source = "registry+https://github.com/rust-lang/crates.io-index"
checksum = "b9ecd88a8c8378ca913a680cd98f0f13ac67383d35993f86c90a70e3f137816b"
dependencies = [
 "gimli",
]

[[package]]
name = "adler"
version = "1.0.2"
source = "registry+https://github.com/rust-lang/crates.io-index"
checksum = "f26201604c87b1e01bd3d98f8d5d9a8fcbb815e8cedb41ffccbeb4bf593a35fe"

[[package]]
name = "aho-corasick"
version = "0.7.18"
source = "registry+https://github.com/rust-lang/crates.io-index"
checksum = "1e37cfd5e7657ada45f742d6e99ca5788580b5c529dc78faf11ece6dc702656f"
dependencies = [
 "memchr",
]

[[package]]
name = "anyhow"
version = "1.0.54"
source = "registry+https://github.com/rust-lang/crates.io-index"
checksum = "7a99269dff3bc004caa411f38845c20303f1e393ca2bd6581576fa3a7f59577d"

[[package]]
name = "async-io"
version = "1.6.0"
source = "registry+https://github.com/rust-lang/crates.io-index"
checksum = "a811e6a479f2439f0c04038796b5cfb3d2ad56c230e0f2d3f7b04d68cfee607b"
dependencies = [
 "concurrent-queue",
 "futures-lite",
 "libc",
 "log",
 "once_cell",
 "parking",
 "polling",
 "slab",
 "socket2",
 "waker-fn",
 "winapi",
]

[[package]]
name = "atty"
version = "0.2.14"
source = "registry+https://github.com/rust-lang/crates.io-index"
checksum = "d9b39be18770d11421cdb1b9947a45dd3f37e93092cbf377614828a319d5fee8"
dependencies = [
 "hermit-abi",
 "libc",
 "winapi",
]

[[package]]
name = "autocfg"
version = "1.0.1"
source = "registry+https://github.com/rust-lang/crates.io-index"
checksum = "cdb031dd78e28731d87d56cc8ffef4a8f36ca26c38fe2de700543e627f8a464a"

[[package]]
name = "backtrace"
version = "0.3.63"
source = "registry+https://github.com/rust-lang/crates.io-index"
checksum = "321629d8ba6513061f26707241fa9bc89524ff1cd7a915a97ef0c62c666ce1b6"
dependencies = [
 "addr2line",
 "cc",
 "cfg-if",
 "libc",
 "miniz_oxide",
 "object",
 "rustc-demangle",
]

[[package]]
name = "bitflags"
version = "1.2.1"
source = "registry+https://github.com/rust-lang/crates.io-index"
checksum = "cf1de2fe8c75bc145a2f577add951f8134889b4795d47466a54a5c846d691693"

[[package]]
name = "bitvec"
version = "0.22.3"
source = "registry+https://github.com/rust-lang/crates.io-index"
checksum = "5237f00a8c86130a0cc317830e558b966dd7850d48a953d998c813f01a41b527"
dependencies = [
 "funty",
 "radium",
 "tap",
 "wyz",
]

[[package]]
name = "byteorder"
version = "1.4.3"
source = "registry+https://github.com/rust-lang/crates.io-index"
checksum = "14c189c53d098945499cdfa7ecc63567cf3886b3332b312a5b4585d8d3a6a610"

[[package]]
name = "cache-padded"
version = "1.2.0"
source = "registry+https://github.com/rust-lang/crates.io-index"
checksum = "c1db59621ec70f09c5e9b597b220c7a2b43611f4710dc03ceb8748637775692c"

[[package]]
name = "cc"
version = "1.0.72"
source = "registry+https://github.com/rust-lang/crates.io-index"
checksum = "22a9137b95ea06864e018375b72adfb7db6e6f68cfc8df5a04d00288050485ee"

[[package]]
name = "cfg-if"
version = "1.0.0"
source = "registry+https://github.com/rust-lang/crates.io-index"
checksum = "baf1de4339761588bc0619e3cbc0120ee582ebb74b53b4efbf79117bd2da40fd"

[[package]]
name = "chrono"
version = "0.4.19"
source = "registry+https://github.com/rust-lang/crates.io-index"
checksum = "670ad68c9088c2a963aaa298cb369688cf3f9465ce5e2d4ca10e6e0098a1ce73"
dependencies = [
 "libc",
 "num-integer",
 "num-traits",
 "serde",
 "winapi",
]

[[package]]
name = "clap"
version = "3.0.14"
source = "registry+https://github.com/rust-lang/crates.io-index"
checksum = "b63edc3f163b3c71ec8aa23f9bd6070f77edbf3d1d198b164afa90ff00e4ec62"
dependencies = [
 "atty",
 "bitflags",
 "clap_derive",
 "indexmap",
 "lazy_static",
 "os_str_bytes",
 "strsim",
 "termcolor",
 "textwrap",
]

[[package]]
name = "clap_complete"
version = "3.0.6"
source = "registry+https://github.com/rust-lang/crates.io-index"
checksum = "678db4c39c013cc68b54d372bce2efc58e30a0337c497c9032fd196802df3bc3"
dependencies = [
 "clap",
]

[[package]]
name = "clap_derive"
version = "3.0.14"
source = "registry+https://github.com/rust-lang/crates.io-index"
checksum = "9a1132dc3944b31c20dd8b906b3a9f0a5d0243e092d59171414969657ac6aa85"
dependencies = [
 "heck",
 "proc-macro-error",
 "proc-macro2",
 "quote",
 "syn",
]

[[package]]
name = "concurrent-queue"
version = "1.2.2"
source = "registry+https://github.com/rust-lang/crates.io-index"
checksum = "30ed07550be01594c6026cff2a1d7fe9c8f683caa798e12b68694ac9e88286a3"
dependencies = [
 "cache-padded",
]

[[package]]
name = "darling"
version = "0.13.1"
source = "registry+https://github.com/rust-lang/crates.io-index"
checksum = "d0d720b8683f8dd83c65155f0530560cba68cd2bf395f6513a483caee57ff7f4"
dependencies = [
 "darling_core",
 "darling_macro",
]

[[package]]
name = "darling_core"
version = "0.13.1"
source = "registry+https://github.com/rust-lang/crates.io-index"
checksum = "7a340f241d2ceed1deb47ae36c4144b2707ec7dd0b649f894cb39bb595986324"
dependencies = [
 "fnv",
 "ident_case",
 "proc-macro2",
 "quote",
 "strsim",
 "syn",
]

[[package]]
name = "darling_macro"
version = "0.13.1"
source = "registry+https://github.com/rust-lang/crates.io-index"
checksum = "72c41b3b7352feb3211a0d743dc5700a4e3b60f51bd2b368892d1e0f9a95f44b"
dependencies = [
 "darling_core",
 "quote",
 "syn",
]

[[package]]
name = "derivative"
version = "2.2.0"
source = "registry+https://github.com/rust-lang/crates.io-index"
checksum = "fcc3dd5e9e9c0b295d6e1e4d811fb6f157d5ffd784b8d202fc62eac8035a770b"
dependencies = [
 "proc-macro2",
 "quote",
 "syn",
]

[[package]]
name = "derive-where"
version = "1.0.0-rc.2"
source = "registry+https://github.com/rust-lang/crates.io-index"
checksum = "f22a5b69cac4a8cc6efe0930b5a29ab0a0233e5a131af99191cc892c3aaf8829"
dependencies = [
 "proc-macro2",
 "quote",
 "syn",
]

[[package]]
name = "enumflags2"
version = "0.6.4"
source = "registry+https://github.com/rust-lang/crates.io-index"
checksum = "83c8d82922337cd23a15f88b70d8e4ef5f11da38dd7cdb55e84dd5de99695da0"
dependencies = [
 "enumflags2_derive",
 "serde",
]

[[package]]
name = "enumflags2_derive"
version = "0.6.4"
source = "registry+https://github.com/rust-lang/crates.io-index"
checksum = "946ee94e3dbf58fdd324f9ce245c7b238d46a66f00e86a020b71996349e46cce"
dependencies = [
 "proc-macro2",
 "quote",
 "syn",
]

[[package]]
name = "env_logger"
version = "0.9.0"
source = "registry+https://github.com/rust-lang/crates.io-index"
checksum = "0b2cf0344971ee6c64c31be0d530793fba457d322dfec2810c453d0ef228f9c3"
dependencies = [
 "atty",
 "humantime",
 "log",
 "regex",
 "termcolor",
]

[[package]]
name = "evdev"
version = "0.11.3"
source = "registry+https://github.com/rust-lang/crates.io-index"
checksum = "5fd975dc56c85a845d56e5dce9a8eb0b058e7a22441b3fb15fad324e0476e7c4"
dependencies = [
 "bitvec",
 "libc",
 "nix 0.23.1",
]

[[package]]
name = "failure"
version = "0.1.8"
source = "registry+https://github.com/rust-lang/crates.io-index"
checksum = "d32e9bd16cc02eae7db7ef620b392808b89f6a5e16bb3497d159c6b92a0f4f86"
dependencies = [
 "backtrace",
 "failure_derive",
]

[[package]]
name = "failure_derive"
version = "0.1.8"
source = "registry+https://github.com/rust-lang/crates.io-index"
checksum = "aa4da3c766cd7a0db8242e326e9e4e081edd567072893ed320008189715366a4"
dependencies = [
 "proc-macro2",
 "quote",
 "syn",
 "synstructure",
]

[[package]]
name = "fastrand"
version = "1.6.0"
source = "registry+https://github.com/rust-lang/crates.io-index"
checksum = "779d043b6a0b90cc4c0ed7ee380a6504394cee7efd7db050e3774eee387324b2"
dependencies = [
 "instant",
]

[[package]]
name = "fnv"
version = "1.0.7"
source = "registry+https://github.com/rust-lang/crates.io-index"
checksum = "3f9eec918d3f24069decb9af1554cad7c880e2da24a9afd88aca000531ab82c1"

[[package]]
name = "funty"
version = "1.2.0"
source = "registry+https://github.com/rust-lang/crates.io-index"
checksum = "1847abb9cb65d566acd5942e94aea9c8f547ad02c98e1649326fc0e8910b8b1e"

[[package]]
name = "futures"
version = "0.3.19"
source = "registry+https://github.com/rust-lang/crates.io-index"
checksum = "28560757fe2bb34e79f907794bb6b22ae8b0e5c669b638a1132f2592b19035b4"
dependencies = [
 "futures-channel",
 "futures-core",
 "futures-executor",
 "futures-io",
 "futures-sink",
 "futures-task",
 "futures-util",
]

[[package]]
name = "futures-channel"
version = "0.3.19"
source = "registry+https://github.com/rust-lang/crates.io-index"
checksum = "ba3dda0b6588335f360afc675d0564c17a77a2bda81ca178a4b6081bd86c7f0b"
dependencies = [
 "futures-core",
 "futures-sink",
]

[[package]]
name = "futures-core"
version = "0.3.19"
source = "registry+https://github.com/rust-lang/crates.io-index"
checksum = "d0c8ff0461b82559810cdccfde3215c3f373807f5e5232b71479bff7bb2583d7"

[[package]]
name = "futures-executor"
version = "0.3.19"
source = "registry+https://github.com/rust-lang/crates.io-index"
checksum = "29d6d2ff5bb10fb95c85b8ce46538a2e5f5e7fdc755623a7d4529ab8a4ed9d2a"
dependencies = [
 "futures-core",
 "futures-task",
 "futures-util",
]

[[package]]
name = "futures-io"
version = "0.3.19"
source = "registry+https://github.com/rust-lang/crates.io-index"
checksum = "b1f9d34af5a1aac6fb380f735fe510746c38067c5bf16c7fd250280503c971b2"

[[package]]
name = "futures-lite"
version = "1.12.0"
source = "registry+https://github.com/rust-lang/crates.io-index"
checksum = "7694489acd39452c77daa48516b894c153f192c3578d5a839b62c58099fcbf48"
dependencies = [
 "fastrand",
 "futures-core",
 "futures-io",
 "memchr",
 "parking",
 "pin-project-lite",
 "waker-fn",
]

[[package]]
name = "futures-macro"
version = "0.3.19"
source = "registry+https://github.com/rust-lang/crates.io-index"
checksum = "6dbd947adfffb0efc70599b3ddcf7b5597bb5fa9e245eb99f62b3a5f7bb8bd3c"
dependencies = [
 "proc-macro2",
 "quote",
 "syn",
]

[[package]]
name = "futures-sink"
version = "0.3.19"
source = "registry+https://github.com/rust-lang/crates.io-index"
checksum = "e3055baccb68d74ff6480350f8d6eb8fcfa3aa11bdc1a1ae3afdd0514617d508"

[[package]]
name = "futures-task"
version = "0.3.19"
source = "registry+https://github.com/rust-lang/crates.io-index"
checksum = "6ee7c6485c30167ce4dfb83ac568a849fe53274c831081476ee13e0dce1aad72"

[[package]]
name = "futures-util"
version = "0.3.19"
source = "registry+https://github.com/rust-lang/crates.io-index"
checksum = "d9b5cf40b47a271f77a8b1bec03ca09044d99d2372c0de244e66430761127164"
dependencies = [
 "futures-channel",
 "futures-core",
 "futures-io",
 "futures-macro",
 "futures-sink",
 "futures-task",
 "memchr",
 "pin-project-lite",
 "pin-utils",
 "slab",
]

[[package]]
name = "gimli"
version = "0.26.1"
source = "registry+https://github.com/rust-lang/crates.io-index"
checksum = "78cc372d058dcf6d5ecd98510e7fbc9e5aec4d21de70f65fea8fecebcd881bd4"

[[package]]
name = "hashbrown"
version = "0.11.2"
source = "registry+https://github.com/rust-lang/crates.io-index"
checksum = "ab5ef0d4909ef3724cc8cce6ccc8572c5c817592e9285f5464f8e86f8bd3726e"

[[package]]
name = "heck"
version = "0.4.0"
source = "registry+https://github.com/rust-lang/crates.io-index"
checksum = "2540771e65fc8cb83cd6e8a237f70c319bd5c29f78ed1084ba5d50eeac86f7f9"

[[package]]
name = "hermit-abi"
version = "0.1.19"
source = "registry+https://github.com/rust-lang/crates.io-index"
checksum = "62b467343b94ba476dcb2500d242dadbb39557df889310ac77c5d99100aaac33"
dependencies = [
 "libc",
]

[[package]]
name = "humantime"
version = "2.1.0"
source = "registry+https://github.com/rust-lang/crates.io-index"
checksum = "9a3a5bfb195931eeb336b2a7b4d761daec841b97f947d34394601737a7bba5e4"

[[package]]
name = "ident_case"
version = "1.0.1"
source = "registry+https://github.com/rust-lang/crates.io-index"
checksum = "b9e0384b61958566e926dc50660321d12159025e767c18e043daf26b70104c39"

[[package]]
name = "indexmap"
version = "1.7.0"
source = "registry+https://github.com/rust-lang/crates.io-index"
checksum = "bc633605454125dec4b66843673f01c7df2b89479b32e0ed634e43a91cff62a5"
dependencies = [
 "autocfg",
 "hashbrown",
]

[[package]]
name = "indoc"
version = "1.0.3"
source = "registry+https://github.com/rust-lang/crates.io-index"
checksum = "e5a75aeaaef0ce18b58056d306c27b07436fbb34b8816c53094b76dd81803136"
dependencies = [
 "unindent",
]

[[package]]
name = "instant"
version = "0.1.12"
source = "registry+https://github.com/rust-lang/crates.io-index"
checksum = "7a5bbe824c507c5da5956355e86a746d82e0e1464f65d862cc5e71da70e94b2c"
dependencies = [
 "cfg-if",
]

[[package]]
name = "itoa"
version = "1.0.1"
source = "registry+https://github.com/rust-lang/crates.io-index"
checksum = "1aab8fc367588b89dcee83ab0fd66b72b50b72fa1904d7095045ace2b0c81c35"

[[package]]
name = "lazy_static"
version = "1.4.0"
source = "registry+https://github.com/rust-lang/crates.io-index"
checksum = "e2abad23fbc42b3700f2f279844dc832adb2b2eb069b2df918f455c4e18cc646"

[[package]]
name = "libc"
version = "0.2.111"
source = "registry+https://github.com/rust-lang/crates.io-index"
checksum = "8e167738f1866a7ec625567bae89ca0d44477232a4f7c52b1c7f2adc2c98804f"

[[package]]
name = "linked-hash-map"
version = "0.5.4"
source = "registry+https://github.com/rust-lang/crates.io-index"
checksum = "7fb9b38af92608140b86b693604b9ffcc5824240a484d1ecd4795bacb2fe88f3"

[[package]]
name = "log"
version = "0.4.14"
source = "registry+https://github.com/rust-lang/crates.io-index"
checksum = "51b9bbe6c47d51fc3e1a9b945965946b4c44142ab8792c50835a980d362c2710"
dependencies = [
 "cfg-if",
]

[[package]]
name = "memchr"
version = "2.4.1"
source = "registry+https://github.com/rust-lang/crates.io-index"
checksum = "308cc39be01b73d0d18f82a0e7b2a3df85245f84af96fdddc5d202d27e47b86a"

[[package]]
name = "memoffset"
version = "0.6.5"
source = "registry+https://github.com/rust-lang/crates.io-index"
checksum = "5aa361d4faea93603064a027415f07bd8e1d5c88c9fbf68bf56a285428fd79ce"
dependencies = [
 "autocfg",
]

[[package]]
name = "miniz_oxide"
version = "0.4.4"
source = "registry+https://github.com/rust-lang/crates.io-index"
checksum = "a92518e98c078586bc6c934028adcca4c92a53d6a958196de835170a01d84e4b"
dependencies = [
 "adler",
 "autocfg",
]

[[package]]
name = "nb-connect"
version = "1.2.0"
source = "registry+https://github.com/rust-lang/crates.io-index"
checksum = "b1bb540dc6ef51cfe1916ec038ce7a620daf3a111e2502d745197cd53d6bca15"
dependencies = [
 "libc",
 "socket2",
]

[[package]]
name = "nix"
version = "0.20.2"
source = "registry+https://github.com/rust-lang/crates.io-index"
checksum = "f5e06129fb611568ef4e868c14b326274959aa70ff7776e9d55323531c374945"
dependencies = [
 "bitflags",
 "cc",
 "cfg-if",
 "libc",
 "memoffset",
]

[[package]]
name = "nix"
version = "0.23.1"
source = "registry+https://github.com/rust-lang/crates.io-index"
checksum = "9f866317acbd3a240710c63f065ffb1e4fd466259045ccb504130b7f668f35c6"
dependencies = [
 "bitflags",
 "cc",
 "cfg-if",
 "libc",
 "memoffset",
]

[[package]]
name = "num-integer"
version = "0.1.44"
source = "registry+https://github.com/rust-lang/crates.io-index"
checksum = "d2cc698a63b549a70bc047073d2949cce27cd1c7b0a4a862d08a8031bc2801db"
dependencies = [
 "autocfg",
 "num-traits",
]

[[package]]
name = "num-traits"
version = "0.2.14"
source = "registry+https://github.com/rust-lang/crates.io-index"
checksum = "9a64b1ec5cda2586e284722486d802acf1f7dbdc623e2bfc57e65ca1cd099290"
dependencies = [
 "autocfg",
]

[[package]]
name = "object"
version = "0.27.1"
source = "registry+https://github.com/rust-lang/crates.io-index"
checksum = "67ac1d3f9a1d3616fd9a60c8d74296f22406a238b6a72f5cc1e6f314df4ffbf9"
dependencies = [
 "memchr",
]

[[package]]
name = "once_cell"
version = "1.9.0"
source = "registry+https://github.com/rust-lang/crates.io-index"
checksum = "da32515d9f6e6e489d7bc9d84c71b060db7247dc035bbe44eac88cf87486d8d5"

[[package]]
name = "os_str_bytes"
version = "6.0.0"
source = "registry+https://github.com/rust-lang/crates.io-index"
checksum = "8e22443d1643a904602595ba1cd8f7d896afe56d26712531c5ff73a15b2fbf64"
dependencies = [
 "memchr",
]

[[package]]
name = "parking"
version = "2.0.0"
source = "registry+https://github.com/rust-lang/crates.io-index"
checksum = "427c3892f9e783d91cc128285287e70a59e206ca452770ece88a76f7a3eddd72"

[[package]]
name = "pin-project-lite"
version = "0.2.7"
source = "registry+https://github.com/rust-lang/crates.io-index"
checksum = "8d31d11c69a6b52a174b42bdc0c30e5e11670f90788b2c471c31c1d17d449443"

[[package]]
name = "pin-utils"
version = "0.1.0"
source = "registry+https://github.com/rust-lang/crates.io-index"
checksum = "8b870d8c151b6f2fb93e84a13146138f05d02ed11c7e7c54f8826aaaf7c9f184"

[[package]]
name = "pkg-config"
version = "0.3.24"
source = "registry+https://github.com/rust-lang/crates.io-index"
checksum = "58893f751c9b0412871a09abd62ecd2a00298c6c83befa223ef98c52aef40cbe"

[[package]]
name = "polling"
version = "2.2.0"
source = "registry+https://github.com/rust-lang/crates.io-index"
checksum = "685404d509889fade3e86fe3a5803bca2ec09b0c0778d5ada6ec8bf7a8de5259"
dependencies = [
 "cfg-if",
 "libc",
 "log",
 "wepoll-ffi",
 "winapi",
]

[[package]]
name = "proc-macro-crate"
version = "0.1.5"
source = "registry+https://github.com/rust-lang/crates.io-index"
checksum = "1d6ea3c4595b96363c13943497db34af4460fb474a95c43f4446ad341b8c9785"
dependencies = [
 "toml",
]

[[package]]
name = "proc-macro-crate"
version = "1.1.0"
source = "registry+https://github.com/rust-lang/crates.io-index"
checksum = "1ebace6889caf889b4d3f76becee12e90353f2b8c7d875534a71e5742f8f6f83"
dependencies = [
 "thiserror",
 "toml",
]

[[package]]
name = "proc-macro-error"
version = "1.0.4"
source = "registry+https://github.com/rust-lang/crates.io-index"
checksum = "da25490ff9892aab3fcf7c36f08cfb902dd3e71ca0f9f9517bea02a73a5ce38c"
dependencies = [
 "proc-macro-error-attr",
 "proc-macro2",
 "quote",
 "syn",
 "version_check",
]

[[package]]
name = "proc-macro-error-attr"
version = "1.0.4"
source = "registry+https://github.com/rust-lang/crates.io-index"
checksum = "a1be40180e52ecc98ad80b184934baf3d0d29f979574e439af5a55274b35f869"
dependencies = [
 "proc-macro2",
 "quote",
 "version_check",
]

[[package]]
name = "proc-macro2"
version = "1.0.34"
source = "registry+https://github.com/rust-lang/crates.io-index"
checksum = "2f84e92c0f7c9d58328b85a78557813e4bd845130db68d7184635344399423b1"
dependencies = [
 "unicode-xid",
]

[[package]]
name = "quote"
version = "1.0.10"
source = "registry+https://github.com/rust-lang/crates.io-index"
checksum = "38bc8cc6a5f2e3655e0899c1b848643b2562f853f114bfec7be120678e3ace05"
dependencies = [
 "proc-macro2",
]

[[package]]
name = "radium"
version = "0.6.2"
source = "registry+https://github.com/rust-lang/crates.io-index"
checksum = "643f8f41a8ebc4c5dc4515c82bb8abd397b527fc20fd681b7c011c2aee5d44fb"

[[package]]
name = "regex"
version = "1.5.4"
source = "registry+https://github.com/rust-lang/crates.io-index"
checksum = "d07a8629359eb56f1e2fb1652bb04212c072a87ba68546a04065d525673ac461"
dependencies = [
 "aho-corasick",
 "memchr",
 "regex-syntax",
]

[[package]]
name = "regex-syntax"
version = "0.6.25"
source = "registry+https://github.com/rust-lang/crates.io-index"
checksum = "f497285884f3fcff424ffc933e56d7cbca511def0c9831a7f9b5f6153e3cc89b"

[[package]]
name = "rustc-demangle"
version = "0.1.21"
source = "registry+https://github.com/rust-lang/crates.io-index"
checksum = "7ef03e0a2b150c7a90d01faf6254c9c48a41e95fb2a8c2ac1c6f0d2b9aefc342"

[[package]]
name = "rustversion"
version = "1.0.6"
source = "registry+https://github.com/rust-lang/crates.io-index"
checksum = "f2cc38e8fa666e2de3c4aba7edeb5ffc5246c1c2ed0e3d17e560aeeba736b23f"

[[package]]
name = "ryu"
version = "1.0.9"
source = "registry+https://github.com/rust-lang/crates.io-index"
checksum = "73b4b750c782965c211b42f022f59af1fbceabdd026623714f104152f1ec149f"

[[package]]
name = "scoped-tls"
version = "1.0.0"
source = "registry+https://github.com/rust-lang/crates.io-index"
checksum = "ea6a9290e3c9cf0f18145ef7ffa62d68ee0bf5fcd651017e586dc7fd5da448c2"

[[package]]
name = "serde"
version = "1.0.132"
source = "registry+https://github.com/rust-lang/crates.io-index"
checksum = "8b9875c23cf305cd1fd7eb77234cbb705f21ea6a72c637a5c6db5fe4b8e7f008"
dependencies = [
 "serde_derive",
]

[[package]]
name = "serde_derive"
version = "1.0.132"
source = "registry+https://github.com/rust-lang/crates.io-index"
checksum = "ecc0db5cb2556c0e558887d9bbdcf6ac4471e83ff66cf696e5419024d1606276"
dependencies = [
 "proc-macro2",
 "quote",
 "syn",
]

[[package]]
name = "serde_json"
version = "1.0.73"
source = "registry+https://github.com/rust-lang/crates.io-index"
checksum = "bcbd0344bc6533bc7ec56df11d42fb70f1b912351c0825ccb7211b59d8af7cf5"
dependencies = [
 "itoa",
 "ryu",
 "serde",
]

[[package]]
name = "serde_repr"
version = "0.1.7"
source = "registry+https://github.com/rust-lang/crates.io-index"
checksum = "98d0516900518c29efa217c298fa1f4e6c6ffc85ae29fd7f4ee48f176e1a9ed5"
dependencies = [
 "proc-macro2",
 "quote",
 "syn",
]

[[package]]
name = "serde_with"
version = "1.11.0"
source = "registry+https://github.com/rust-lang/crates.io-index"
checksum = "ad6056b4cb69b6e43e3a0f055def223380baecc99da683884f205bf347f7c4b3"
dependencies = [
 "chrono",
 "rustversion",
 "serde",
 "serde_with_macros",
]

[[package]]
name = "serde_with_macros"
version = "1.5.1"
source = "registry+https://github.com/rust-lang/crates.io-index"
checksum = "12e47be9471c72889ebafb5e14d5ff930d89ae7a67bbdb5f8abb564f845a927e"
dependencies = [
 "darling",
 "proc-macro2",
 "quote",
 "syn",
]

[[package]]
name = "serde_yaml"
version = "0.8.24"
source = "registry+https://github.com/rust-lang/crates.io-index"
checksum = "707d15895415db6628332b737c838b88c598522e4dc70647e59b72312924aebc"
dependencies = [
 "indexmap",
 "ryu",
 "serde",
 "yaml-rust",
]

[[package]]
name = "slab"
version = "0.4.5"
source = "registry+https://github.com/rust-lang/crates.io-index"
checksum = "9def91fd1e018fe007022791f865d0ccc9b3a0d5001e01aabb8b40e46000afb5"

[[package]]
name = "socket2"
version = "0.4.2"
source = "registry+https://github.com/rust-lang/crates.io-index"
checksum = "5dc90fe6c7be1a323296982db1836d1ea9e47b6839496dde9a541bc496df3516"
dependencies = [
 "libc",
 "winapi",
]

[[package]]
name = "static_assertions"
version = "1.1.0"
source = "registry+https://github.com/rust-lang/crates.io-index"
checksum = "a2eb9349b6444b326872e140eb1cf5e7c522154d69e7a0ffb0fb81c06b37543f"

[[package]]
name = "strsim"
version = "0.10.0"
source = "registry+https://github.com/rust-lang/crates.io-index"
checksum = "73473c0e59e6d5812c5dfe2a064a6444949f089e20eec9a2e5506596494e4623"

[[package]]
name = "swayipc"
version = "2.7.2"
source = "registry+https://github.com/rust-lang/crates.io-index"
checksum = "92c6565a48b46668f894564e855ea0adfef31f51f549af6fedd9cba8052b210f"
dependencies = [
 "failure",
 "serde",
 "serde_json",
]

[[package]]
name = "syn"
version = "1.0.82"
source = "registry+https://github.com/rust-lang/crates.io-index"
checksum = "8daf5dd0bb60cbd4137b1b587d2fc0ae729bc07cf01cd70b36a1ed5ade3b9d59"
dependencies = [
 "proc-macro2",
 "quote",
 "unicode-xid",
]

[[package]]
name = "synstructure"
version = "0.12.6"
source = "registry+https://github.com/rust-lang/crates.io-index"
checksum = "f36bdaa60a83aca3921b5259d5400cbf5e90fc51931376a9bd4a0eb79aa7210f"
dependencies = [
 "proc-macro2",
 "quote",
 "syn",
 "unicode-xid",
]

[[package]]
name = "tap"
version = "1.0.1"
source = "registry+https://github.com/rust-lang/crates.io-index"
checksum = "55937e1799185b12863d447f42597ed69d9928686b8d88a1df17376a097d8369"

[[package]]
name = "termcolor"
version = "1.1.2"
source = "registry+https://github.com/rust-lang/crates.io-index"
checksum = "2dfed899f0eb03f32ee8c6a0aabdb8a7949659e3466561fc0adf54e26d88c5f4"
dependencies = [
 "winapi-util",
]

[[package]]
name = "textwrap"
version = "0.14.2"
source = "registry+https://github.com/rust-lang/crates.io-index"
checksum = "0066c8d12af8b5acd21e00547c3797fde4e8677254a7ee429176ccebbe93dd80"

[[package]]
name = "thiserror"
version = "1.0.30"
source = "registry+https://github.com/rust-lang/crates.io-index"
checksum = "854babe52e4df1653706b98fcfc05843010039b406875930a70e4d9644e5c417"
dependencies = [
 "thiserror-impl",
]

[[package]]
name = "thiserror-impl"
version = "1.0.30"
source = "registry+https://github.com/rust-lang/crates.io-index"
checksum = "aa32fd3f627f367fe16f893e2597ae3c05020f8bba2666a4e6ea73d377e5714b"
dependencies = [
 "proc-macro2",
 "quote",
 "syn",
]

[[package]]
name = "toml"
version = "0.5.8"
source = "registry+https://github.com/rust-lang/crates.io-index"
checksum = "a31142970826733df8241ef35dc040ef98c679ab14d7c3e54d827099b3acecaa"
dependencies = [
 "serde",
]

[[package]]
name = "unicode-xid"
version = "0.2.2"
source = "registry+https://github.com/rust-lang/crates.io-index"
checksum = "8ccb82d61f80a663efe1f787a51b16b5a51e3314d6ac365b08639f52387b33f3"

[[package]]
name = "unindent"
version = "0.1.7"
source = "registry+https://github.com/rust-lang/crates.io-index"
checksum = "f14ee04d9415b52b3aeab06258a3f07093182b88ba0f9b8d203f211a7a7d41c7"

[[package]]
name = "version_check"
version = "0.9.4"
source = "registry+https://github.com/rust-lang/crates.io-index"
checksum = "49874b5167b65d7193b8aba1567f5c7d93d001cafc34600cee003eda787e483f"

[[package]]
name = "waker-fn"
version = "1.1.0"
source = "registry+https://github.com/rust-lang/crates.io-index"
checksum = "9d5b2c62b4012a3e1eca5a7e077d13b3bf498c4073e33ccd58626607748ceeca"

[[package]]
name = "wepoll-ffi"
version = "0.1.2"
source = "registry+https://github.com/rust-lang/crates.io-index"
checksum = "d743fdedc5c64377b5fc2bc036b01c7fd642205a0d96356034ae3404d49eb7fb"
dependencies = [
 "cc",
]

[[package]]
name = "winapi"
version = "0.3.9"
source = "registry+https://github.com/rust-lang/crates.io-index"
checksum = "5c839a674fcd7a98952e593242ea400abe93992746761e38641405d28b00f419"
dependencies = [
 "winapi-i686-pc-windows-gnu",
 "winapi-x86_64-pc-windows-gnu",
]

[[package]]
name = "winapi-i686-pc-windows-gnu"
version = "0.4.0"
source = "registry+https://github.com/rust-lang/crates.io-index"
checksum = "ac3b87c63620426dd9b991e5ce0329eff545bccbbb34f3be09ff6fb6ab51b7b6"

[[package]]
name = "winapi-util"
version = "0.1.5"
source = "registry+https://github.com/rust-lang/crates.io-index"
checksum = "70ec6ce85bb158151cae5e5c87f95a8e97d2c0c4b001223f33a334e3ce5de178"
dependencies = [
 "winapi",
]

[[package]]
name = "winapi-x86_64-pc-windows-gnu"
version = "0.4.0"
source = "registry+https://github.com/rust-lang/crates.io-index"
checksum = "712e227841d057c1ee1cd2fb22fa7e5a5461ae8e48fa2ca79ec42cfc1931183f"

[[package]]
name = "wyz"
version = "0.4.0"
source = "registry+https://github.com/rust-lang/crates.io-index"
checksum = "129e027ad65ce1453680623c3fb5163cbf7107bfe1aa32257e7d0e63f9ced188"
dependencies = [
 "tap",
]

[[package]]
name = "x11"
version = "2.19.1"
source = "registry+https://github.com/rust-lang/crates.io-index"
checksum = "6dd0565fa8bfba8c5efe02725b14dff114c866724eff2cfd44d76cea74bcd87a"
dependencies = [
 "libc",
 "pkg-config",
]

[[package]]
name = "xremap"
version = "0.4.3"
dependencies = [
 "anyhow",
 "clap",
 "clap_complete",
 "derive-where",
 "env_logger",
 "evdev",
 "indoc",
 "lazy_static",
 "log",
 "nix 0.23.1",
 "serde",
 "serde_json",
 "serde_with",
 "serde_yaml",
 "swayipc",
 "x11",
 "zbus",
]

[[package]]
name = "yaml-rust"
version = "0.4.5"
source = "registry+https://github.com/rust-lang/crates.io-index"
checksum = "56c1936c4cc7a1c9ab21a1ebb602eb942ba868cbd44a99cb7cdc5892335e1c85"
dependencies = [
 "linked-hash-map",
]

[[package]]
name = "zbus"
version = "1.9.2"
source = "registry+https://github.com/rust-lang/crates.io-index"
checksum = "e5983c3d035549ab80db67c844ec83ed271f7c1f2546fd9577c594d34c1b6c85"
dependencies = [
 "async-io",
 "byteorder",
 "derivative",
 "enumflags2",
 "fastrand",
 "futures",
 "nb-connect",
 "nix 0.20.2",
 "once_cell",
 "polling",
 "scoped-tls",
 "serde",
 "serde_repr",
 "zbus_macros",
 "zvariant",
]

[[package]]
name = "zbus_macros"
version = "1.9.2"
source = "registry+https://github.com/rust-lang/crates.io-index"
checksum = "bce54ac7b2150a2fa21ad5842a7470ce2288158d7da1f9bfda8ad455a1c59a97"
dependencies = [
 "proc-macro-crate 0.1.5",
 "proc-macro2",
 "quote",
 "syn",
]

[[package]]
name = "zvariant"
version = "2.10.0"
source = "registry+https://github.com/rust-lang/crates.io-index"
checksum = "a68c7b55f2074489b7e8e07d2d0a6ee6b4f233867a653c664d8020ba53692525"
dependencies = [
 "byteorder",
 "enumflags2",
 "libc",
 "serde",
 "static_assertions",
 "zvariant_derive",
]

[[package]]
name = "zvariant_derive"
version = "2.10.0"
source = "registry+https://github.com/rust-lang/crates.io-index"
checksum = "e4ca5e22593eb4212382d60d26350065bf2a02c34b85bc850474a74b589a3de9"
dependencies = [
 "proc-macro-crate 1.1.0",
 "proc-macro2",
 "quote",
 "syn",
]
