{
  "nodes": {
    "crane": {
      "flake": false,
      "locked": {
        "lastModified": 1644785799,
        "narHash": "sha256-VpAJO1L0XeBvtCuNGK4IDKp6ENHIpTrlaZT7yfBCvwo=",
        "owner": "ipetkov",
        "repo": "crane",
        "rev": "fc7a94f841347c88f2cb44217b2a3faa93e2a0b2",
        "type": "github"
      },
      "original": {
        "owner": "ipetkov",
        "repo": "crane",
        "type": "github"
      }
    },
    "devshell": {
      "inputs": {
        "flake-utils": "flake-utils",
        "nixpkgs": [
          "nci",
          "nixpkgs"
        ]
      },
      "locked": {
        "lastModified": 1650900878,
        "narHash": "sha256-qhNncMBSa9STnhiLfELEQpYC1L4GrYHNIzyCZ/pilsI=",
        "owner": "numtide",
        "repo": "devshell",
        "rev": "d97df53b5ddaa1cfbea7cddbd207eb2634304733",
        "type": "github"
      },
      "original": {
        "owner": "numtide",
        "repo": "devshell",
        "type": "github"
      }
    },
    "dream2nix": {
      "inputs": {
        "alejandra": [
          "nci",
          "nixpkgs"
        ],
        "crane": "crane",
        "flake-utils-pre-commit": [
          "nci",
          "nixpkgs"
        ],
        "gomod2nix": [
          "nci",
          "nixpkgs"
        ],
        "mach-nix": [
          "nci",
          "nixpkgs"
        ],
        "nixpkgs": [
          "nci",
          "nixpkgs"
        ],
        "node2nix": [
          "nci",
          "nixpkgs"
        ],
        "poetry2nix": [
          "nci",
          "nixpkgs"
        ],
        "pre-commit-hooks": [
          "nci",
          "nixpkgs"
        ]
      },
      "locked": {
        "lastModified": 1651844867,
        "narHash": "sha256-a+bAmmeIudRVY23ZkEB5W5xJumBY3ydsiDIGN/56NmQ=",
        "owner": "nix-community",
        "repo": "dream2nix",
        "rev": "e5d0e9cdb00695b0b63d1f52ff3b39c0e3035fe3",
        "type": "github"
      },
      "original": {
        "owner": "nix-community",
        "repo": "dream2nix",
        "type": "github"
      }
    },
    "flake-utils": {
      "locked": {
        "lastModified": 1642700792,
        "narHash": "sha256-XqHrk7hFb+zBvRg6Ghl+AZDq03ov6OshJLiSWOoX5es=",
        "owner": "numtide",
        "repo": "flake-utils",
        "rev": "846b2ae0fc4cc943637d3d1def4454213e203cba",
        "type": "github"
      },
      "original": {
        "owner": "numtide",
        "repo": "flake-utils",
        "type": "github"
      }
    },
    "nci": {
      "inputs": {
        "devshell": "devshell",
        "dream2nix": "dream2nix",
        "nixpkgs": "nixpkgs",
        "rustOverlay": "rustOverlay"
      },
      "locked": {
        "lastModified": 1652509833,
        "narHash": "sha256-Mjr9NRmz8oQ3SENp3UIO7bGFHZj3GF8wwKbQnqbUPUQ=",
        "owner": "yusdacra",
        "repo": "nix-cargo-integration",
        "rev": "f7cae7595dc29d4629c3a36f93374121ca7196df",
        "type": "github"
      },
      "original": {
        "owner": "yusdacra",
        "repo": "nix-cargo-integration",
        "type": "github"
      }
    },
    "nixpkgs": {
      "locked": {
        "lastModified": 1652231724,
        "narHash": "sha256-MjalcXFZgcgchp4QqnF05JTkFBBGad5hbksA1EKoP98=",
        "owner": "NixOS",
        "repo": "nixpkgs",
        "rev": "41ff747f882914c1f8c233207ce280ac9d0c867f",
        "type": "github"
      },
      "original": {
        "owner": "NixOS",
        "ref": "nixos-unstable",
        "repo": "nixpkgs",
        "type": "github"
      }
    },
    "root": {
      "inputs": {
        "nci": "nci"
      }
    },
    "rustOverlay": {
      "flake": false,
      "locked": {
        "lastModified": 1652496760,
        "narHash": "sha256-AM1almW0FjiUegqfJc6n+OO3yXTCXUsH2IEI323vbJ0=",
        "owner": "oxalica",
        "repo": "rust-overlay",
        "rev": "f9ddceabd2ccd2bf3d08c83832f3709c94287144",
        "type": "github"
      },
      "original": {
        "owner": "oxalica",
        "repo": "rust-overlay",
        "type": "github"
      }
    }
  },
  "root": "root",
  "version": 7
}
